
Microsoft Visual Studio Solution File, Format Version 12.00
# Visual Studio Version 16
VisualStudioVersion = 16.0.31729.503
MinimumVisualStudioVersion = 10.0.40219.1
Project("{FAE04EC0-301F-11D3-BF4B-00C04F79EFBC}") = "Lab9StudentDatabaseDeluxe", "Lab9StudentDatabaseDeluxe.csproj", "{7A5228B3-54C1-4A02-BF6D-1599691E187A}"
EndProject
Global
	GlobalSection(SolutionConfigurationPlatforms) = preSolution
		Debug|Any CPU = Debug|Any CPU
		Release|Any CPU = Release|Any CPU
	EndGlobalSection
	GlobalSection(ProjectConfigurationPlatforms) = postSolution
		{7A5228B3-54C1-4A02-BF6D-1599691E187A}.Debug|Any CPU.ActiveCfg = Debug|Any CPU
		{7A5228B3-54C1-4A02-BF6D-1599691E187A}.Debug|Any CPU.Build.0 = Debug|Any CPU
		{7A5228B3-54C1-4A02-BF6D-1599691E187A}.Release|Any CPU.ActiveCfg = Release|Any CPU
		{7A5228B3-54C1-4A02-BF6D-1599691E187A}.Release|Any CPU.Build.0 = Release|Any CPU
	EndGlobalSection
	GlobalSection(SolutionProperties) = preSolution
		HideSolutionNode = FALSE
	EndGlobalSection
	GlobalSection(ExtensibilityGlobals) = postSolution
		SolutionGuid = {E791A4DC-849E-4513-A731-E70E986045ED}
	EndGlobalSection
EndGlobal
